
Microsoft Visual Studio Solution File, Format Version 12.00
# Visual Studio Version 17
VisualStudioVersion = 17.0.31903.59
MinimumVisualStudioVersion = 10.0.40219.1
Project("{2150E333-8FDC-42A3-9474-1A3956D46DE8}") = "Src", "Src", "{827E0CD3-B72D-47B6-A68D-7590B98EB39B}"
EndProject
Project("{FAE04EC0-301F-11D3-BF4B-00C04F79EFBC}") = "ExchangeRateOffers", "ExchangeRateOffers\ExchangeRateOffers.csproj", "{4E8A0424-2AA4-47BA-B38F-3740B254FFBA}"
EndProject
Project("{2150E333-8FDC-42A3-9474-1A3956D46DE8}") = "Tests", "Tests", "{0AB3BF05-4346-4AA6-1389-037BE0695223}"
EndProject
Project("{FAE04EC0-301F-11D3-BF4B-00C04F79EFBC}") = "ExchangeRateOffers.Tests", "ExchangeRateOffers\ExchangeRateOffers.Tests\ExchangeRateOffers.Tests.csproj", "{687BAC3C-9410-4149-88CE-2A77C1F0E352}"
EndProject
Global
	GlobalSection(SolutionConfigurationPlatforms) = preSolution
		Debug|Any CPU = Debug|Any CPU
		Debug|x64 = Debug|x64
		Debug|x86 = Debug|x86
		Release|Any CPU = Release|Any CPU
		Release|x64 = Release|x64
		Release|x86 = Release|x86
	EndGlobalSection
	GlobalSection(ProjectConfigurationPlatforms) = postSolution
		{4E8A0424-2AA4-47BA-B38F-3740B254FFBA}.Debug|Any CPU.ActiveCfg = Debug|Any CPU
		{4E8A0424-2AA4-47BA-B38F-3740B254FFBA}.Debug|Any CPU.Build.0 = Debug|Any CPU
		{4E8A0424-2AA4-47BA-B38F-3740B254FFBA}.Debug|x64.ActiveCfg = Debug|Any CPU
		{4E8A0424-2AA4-47BA-B38F-3740B254FFBA}.Debug|x64.Build.0 = Debug|Any CPU
		{4E8A0424-2AA4-47BA-B38F-3740B254FFBA}.Debug|x86.ActiveCfg = Debug|Any CPU
		{4E8A0424-2AA4-47BA-B38F-3740B254FFBA}.Debug|x86.Build.0 = Debug|Any CPU
		{4E8A0424-2AA4-47BA-B38F-3740B254FFBA}.Release|Any CPU.ActiveCfg = Release|Any CPU
		{4E8A0424-2AA4-47BA-B38F-3740B254FFBA}.Release|Any CPU.Build.0 = Release|Any CPU
		{4E8A0424-2AA4-47BA-B38F-3740B254FFBA}.Release|x64.ActiveCfg = Release|Any CPU
		{4E8A0424-2AA4-47BA-B38F-3740B254FFBA}.Release|x64.Build.0 = Release|Any CPU
		{4E8A0424-2AA4-47BA-B38F-3740B254FFBA}.Release|x86.ActiveCfg = Release|Any CPU
		{4E8A0424-2AA4-47BA-B38F-3740B254FFBA}.Release|x86.Build.0 = Release|Any CPU
		{687BAC3C-9410-4149-88CE-2A77C1F0E352}.Debug|Any CPU.ActiveCfg = Debug|Any CPU
		{687BAC3C-9410-4149-88CE-2A77C1F0E352}.Debug|Any CPU.Build.0 = Debug|Any CPU
		{687BAC3C-9410-4149-88CE-2A77C1F0E352}.Debug|x64.ActiveCfg = Debug|Any CPU
		{687BAC3C-9410-4149-88CE-2A77C1F0E352}.Debug|x64.Build.0 = Debug|Any CPU
		{687BAC3C-9410-4149-88CE-2A77C1F0E352}.Debug|x86.ActiveCfg = Debug|Any CPU
		{687BAC3C-9410-4149-88CE-2A77C1F0E352}.Debug|x86.Build.0 = Debug|Any CPU
		{687BAC3C-9410-4149-88CE-2A77C1F0E352}.Release|Any CPU.ActiveCfg = Release|Any CPU
		{687BAC3C-9410-4149-88CE-2A77C1F0E352}.Release|Any CPU.Build.0 = Release|Any CPU
		{687BAC3C-9410-4149-88CE-2A77C1F0E352}.Release|x64.ActiveCfg = Release|Any CPU
		{687BAC3C-9410-4149-88CE-2A77C1F0E352}.Release|x64.Build.0 = Release|Any CPU
		{687BAC3C-9410-4149-88CE-2A77C1F0E352}.Release|x86.ActiveCfg = Release|Any CPU
		{687BAC3C-9410-4149-88CE-2A77C1F0E352}.Release|x86.Build.0 = Release|Any CPU
	EndGlobalSection
	GlobalSection(SolutionProperties) = preSolution
		HideSolutionNode = FALSE
	EndGlobalSection
	GlobalSection(NestedProjects) = preSolution
		{4E8A0424-2AA4-47BA-B38F-3740B254FFBA} = {827E0CD3-B72D-47B6-A68D-7590B98EB39B}
		{687BAC3C-9410-4149-88CE-2A77C1F0E352} = {0AB3BF05-4346-4AA6-1389-037BE0695223}
	EndGlobalSection
EndGlobal
